<?xml version="1.0" encoding="UTF-8" standalone="yes" ?>
<CodeBlocks_project_file>
	<FileVersion major="1" minor="6" />
	<Project>
		<Option title="dso" />
		<Option pch_mode="2" />
		<Option compiler="gcc" />
		<Build>
			<Target title="Debug">
				<Option platforms="Windows;" />
				<Option output="bin/Debug/dso" prefix_auto="1" extension_auto="1" />
				<Option object_output="obj/Debug/" />
				<Option type="1" />
				<Option compiler="gcc" />
				<Compiler>
					<Add option="-m32" />
					<Add option="-g" />
				</Compiler>
				<Linker>
					<Add option="-m32" />
				</Linker>
			</Target>
			<Target title="Release">
				<Option output="bin/Release/dso" prefix_auto="1" extension_auto="1" />
				<Option object_output="obj/Release/" />
				<Option type="1" />
				<Option compiler="gcc" />
				<Compiler>
					<Add option="-O2" />
				</Compiler>
				<Linker>
					<Add option="-s" />
					<Add library="C:/Users/Lenovo/gcc/mingw/lib32/libaclui.a" />
					<Add library="C:/Users/Lenovo/gcc/mingw/lib32/libadvapi32.a" />
					<Add library="C:/Users/Lenovo/gcc/mingw/lib32/libapcups.a" />
					<Add library="C:/Users/Lenovo/gcc/mingw/lib32/libapi-ms-win-core-winrt-l1-1-0.a" />
					<Add library="C:/Users/Lenovo/gcc/mingw/lib32/libapi-ms-win-core-winrt-string-l1-1-0.a" />
					<Add library="C:/Users/Lenovo/gcc/mingw/lib32/libauthz.a" />
					<Add library="C:/Users/Lenovo/gcc/mingw/lib32/libavicap32.a" />
					<Add library="C:/Users/Lenovo/gcc/mingw/lib32/libavifil32.a" />
					<Add library="C:/Users/Lenovo/gcc/mingw/lib32/libavrt.a" />
					<Add library="C:/Users/Lenovo/gcc/mingw/lib32/libbcrypt.a" />
					<Add library="C:/Users/Lenovo/gcc/mingw/lib32/libbootvid.a" />
					<Add library="C:/Users/Lenovo/gcc/mingw/lib32/libbrowcli.a" />
					<Add library="C:/Users/Lenovo/gcc/mingw/lib32/libbthprops.a" />
					<Add library="C:/Users/Lenovo/gcc/mingw/lib32/libcabinet.a" />
					<Add library="C:/Users/Lenovo/gcc/mingw/lib32/libcap.a" />
					<Add library="C:/Users/Lenovo/gcc/mingw/lib32/libcfgmgr32.a" />
					<Add library="C:/Users/Lenovo/gcc/mingw/lib32/libclasspnp.a" />
					<Add library="C:/Users/Lenovo/gcc/mingw/lib32/libclfsw32.a" />
					<Add library="C:/Users/Lenovo/gcc/mingw/lib32/libclusapi.a" />
					<Add library="C:/Users/Lenovo/gcc/mingw/lib32/libcmutil.a" />
					<Add library="C:/Users/Lenovo/gcc/mingw/lib32/libcomctl32.a" />
					<Add library="C:/Users/Lenovo/gcc/mingw/lib32/libcomdlg32.a" />
					<Add library="C:/Users/Lenovo/gcc/mingw/lib32/libconnect.a" />
					<Add library="C:/Users/Lenovo/gcc/mingw/lib32/libcredui.a" />
					<Add library="C:/Users/Lenovo/gcc/mingw/lib32/libcrtdll.a" />
					<Add library="C:/Users/Lenovo/gcc/mingw/lib32/libcrypt32.a" />
					<Add library="C:/Users/Lenovo/gcc/mingw/lib32/libcryptnet.a" />
					<Add library="C:/Users/Lenovo/gcc/mingw/lib32/libcryptsp.a" />
					<Add library="C:/Users/Lenovo/gcc/mingw/lib32/libcryptxml.a" />
					<Add library="C:/Users/Lenovo/gcc/mingw/lib32/libctl3d32.a" />
					<Add library="C:/Users/Lenovo/gcc/mingw/lib32/libcscapi.a" />
					<Add library="C:/Users/Lenovo/gcc/mingw/lib32/libd2d1.a" />
					<Add library="C:/Users/Lenovo/gcc/mingw/lib32/libd3d8.a" />
					<Add library="C:/Users/Lenovo/gcc/mingw/lib32/libd3d9.a" />
					<Add library="C:/Users/Lenovo/gcc/mingw/lib32/libd3dcompiler.a" />
					<Add library="C:/Users/Lenovo/gcc/mingw/lib32/libd3dcompiler_33.a" />
					<Add library="C:/Users/Lenovo/gcc/mingw/lib32/libd3dcompiler_34.a" />
					<Add library="C:/Users/Lenovo/gcc/mingw/lib32/libd3dcompiler_35.a" />
					<Add library="C:/Users/Lenovo/gcc/mingw/lib32/libd3dcompiler_36.a" />
					<Add library="C:/Users/Lenovo/gcc/mingw/lib32/libd3dcompiler_37.a" />
					<Add library="C:/Users/Lenovo/gcc/mingw/lib32/libd3dcompiler_38.a" />
					<Add library="C:/Users/Lenovo/gcc/mingw/lib32/libd3dcompiler_39.a" />
					<Add library="C:/Users/Lenovo/gcc/mingw/lib32/libd3dcompiler_40.a" />
					<Add library="C:/Users/Lenovo/gcc/mingw/lib32/libd3dcompiler_41.a" />
					<Add library="C:/Users/Lenovo/gcc/mingw/lib32/libd3dcompiler_42.a" />
					<Add library="C:/Users/Lenovo/gcc/mingw/lib32/libd3dcompiler_43.a" />
					<Add library="C:/Users/Lenovo/gcc/mingw/lib32/libd3dcompiler_46.a" />
					<Add library="C:/Users/Lenovo/gcc/mingw/lib32/libd3dcsx_46.a" />
					<Add library="C:/Users/Lenovo/gcc/mingw/lib32/libd3dcsxd.a" />
					<Add library="C:/Users/Lenovo/gcc/mingw/lib32/libd3dcsxd_43.a" />
					<Add library="C:/Users/Lenovo/gcc/mingw/lib32/libd3dim.a" />
					<Add library="C:/Users/Lenovo/gcc/mingw/lib32/libd3drm.a" />
					<Add library="C:/Users/Lenovo/gcc/mingw/lib32/libd3dx8d.a" />
					<Add library="C:/Users/Lenovo/gcc/mingw/lib32/libd3dx9.a" />
					<Add library="C:/Users/Lenovo/gcc/mingw/lib32/libd3dx9_24.a" />
					<Add library="C:/Users/Lenovo/gcc/mingw/lib32/libd3dx9_25.a" />
					<Add library="C:/Users/Lenovo/gcc/mingw/lib32/libd3dx9_26.a" />
					<Add library="C:/Users/Lenovo/gcc/mingw/lib32/libd3dx9_27.a" />
					<Add library="C:/Users/Lenovo/gcc/mingw/lib32/libd3dx9_28.a" />
					<Add library="C:/Users/Lenovo/gcc/mingw/lib32/libd3dx9_29.a" />
					<Add library="C:/Users/Lenovo/gcc/mingw/lib32/libd3dx9_30.a" />
					<Add library="C:/Users/Lenovo/gcc/mingw/lib32/libd3dx9_31.a" />
					<Add library="C:/Users/Lenovo/gcc/mingw/lib32/libd3dx9_32.a" />
					<Add library="C:/Users/Lenovo/gcc/mingw/lib32/libd3dx9_33.a" />
					<Add library="C:/Users/Lenovo/gcc/mingw/lib32/libd3dx9_34.a" />
					<Add library="C:/Users/Lenovo/gcc/mingw/lib32/libd3dx9_35.a" />
					<Add library="C:/Users/Lenovo/gcc/mingw/lib32/libd3dx9_36.a" />
					<Add library="C:/Users/Lenovo/gcc/mingw/lib32/libd3dx9_37.a" />
					<Add library="C:/Users/Lenovo/gcc/mingw/lib32/libd3dx9_38.a" />
					<Add library="C:/Users/Lenovo/gcc/mingw/lib32/libd3dx9_39.a" />
					<Add library="C:/Users/Lenovo/gcc/mingw/lib32/libd3dx9_40.a" />
					<Add library="C:/Users/Lenovo/gcc/mingw/lib32/libd3dx9_41.a" />
					<Add library="C:/Users/Lenovo/gcc/mingw/lib32/libd3dx9_42.a" />
					<Add library="C:/Users/Lenovo/gcc/mingw/lib32/libd3dx9_43.a" />
					<Add library="C:/Users/Lenovo/gcc/mingw/lib32/libd3dx9d.a" />
					<Add library="C:/Users/Lenovo/gcc/mingw/lib32/libd3dx10.a" />
					<Add library="C:/Users/Lenovo/gcc/mingw/lib32/libd3dx10_33.a" />
					<Add library="C:/Users/Lenovo/gcc/mingw/lib32/libd3dx10_34.a" />
					<Add library="C:/Users/Lenovo/gcc/mingw/lib32/libd3dx10_35.a" />
					<Add library="C:/Users/Lenovo/gcc/mingw/lib32/libd3dx10_36.a" />
					<Add library="C:/Users/Lenovo/gcc/mingw/lib32/libd3dx10_37.a" />
					<Add library="C:/Users/Lenovo/gcc/mingw/lib32/libd3dx10_38.a" />
					<Add library="C:/Users/Lenovo/gcc/mingw/lib32/libd3dx10_39.a" />
					<Add library="C:/Users/Lenovo/gcc/mingw/lib32/libd3dx10_40.a" />
					<Add library="C:/Users/Lenovo/gcc/mingw/lib32/libd3dx10_41.a" />
					<Add library="C:/Users/Lenovo/gcc/mingw/lib32/libd3dx10_42.a" />
					<Add library="C:/Users/Lenovo/gcc/mingw/lib32/libd3dx10_43.a" />
					<Add library="C:/Users/Lenovo/gcc/mingw/lib32/libd3dx11.a" />
					<Add library="C:/Users/Lenovo/gcc/mingw/lib32/libd3dx11_42.a" />
					<Add library="C:/Users/Lenovo/gcc/mingw/lib32/libd3dx11_43.a" />
					<Add library="C:/Users/Lenovo/gcc/mingw/lib32/libd3dxof.a" />
					<Add library="C:/Users/Lenovo/gcc/mingw/lib32/libdavclnt.a" />
					<Add library="C:/Users/Lenovo/gcc/mingw/lib32/libdavhlpr.a" />
					<Add library="C:/Users/Lenovo/gcc/mingw/lib32/libdbgeng.a" />
					<Add library="C:/Users/Lenovo/gcc/mingw/lib32/libdbghelp.a" />
					<Add library="C:/Users/Lenovo/gcc/mingw/lib32/libddraw.a" />
					<Add library="C:/Users/Lenovo/gcc/mingw/lib32/libdelayimp.a" />
					<Add library="C:/Users/Lenovo/gcc/mingw/lib32/libdevmgr.a" />
					<Add library="C:/Users/Lenovo/gcc/mingw/lib32/libdevobj.a" />
					<Add library="C:/Users/Lenovo/gcc/mingw/lib32/libdevrtl.a" />
					<Add library="C:/Users/Lenovo/gcc/mingw/lib32/libdfscli.a" />
					<Add library="C:/Users/Lenovo/gcc/mingw/lib32/libdhcpcsvc.a" />
					<Add library="C:/Users/Lenovo/gcc/mingw/lib32/libdhcpcsvc6.a" />
					<Add library="C:/Users/Lenovo/gcc/mingw/lib32/libdhcpsapi.a" />
					<Add library="C:/Users/Lenovo/gcc/mingw/lib32/libdinput.a" />
					<Add library="C:/Users/Lenovo/gcc/mingw/lib32/libdinput8.a" />
					<Add library="C:/Users/Lenovo/gcc/mingw/lib32/libdlcapi.a" />
					<Add library="C:/Users/Lenovo/gcc/mingw/lib32/libdmoguids.a" />
					<Add library="C:/Users/Lenovo/gcc/mingw/lib32/libdnsapi.a" />
					<Add library="C:/Users/Lenovo/gcc/mingw/lib32/libdplayx.a" />
					<Add library="C:/Users/Lenovo/gcc/mingw/lib32/libdpnaddr.a" />
					<Add library="C:/Users/Lenovo/gcc/mingw/lib32/libdpnet.a" />
					<Add library="C:/Users/Lenovo/gcc/mingw/lib32/libdpnlobby.a" />
					<Add library="C:/Users/Lenovo/gcc/mingw/lib32/libdpvoice.a" />
					<Add library="C:/Users/Lenovo/gcc/mingw/lib32/libdsetup.a" />
					<Add library="C:/Users/Lenovo/gcc/mingw/lib32/libdsound.a" />
					<Add library="C:/Users/Lenovo/gcc/mingw/lib32/libdsrole.a" />
					<Add library="C:/Users/Lenovo/gcc/mingw/lib32/libdssec.a" />
					<Add library="C:/Users/Lenovo/gcc/mingw/lib32/libdwmapi.a" />
					<Add library="C:/Users/Lenovo/gcc/mingw/lib32/libdwrite.a" />
					<Add library="C:/Users/Lenovo/gcc/mingw/lib32/libdxapi.a" />
					<Add library="C:/Users/Lenovo/gcc/mingw/lib32/libdxerr8.a" />
					<Add library="C:/Users/Lenovo/gcc/mingw/lib32/libdxerr9.a" />
					<Add library="C:/Users/Lenovo/gcc/mingw/lib32/libdxgi.a" />
					<Add library="C:/Users/Lenovo/gcc/mingw/lib32/libdxguid.a" />
					<Add library="C:/Users/Lenovo/gcc/mingw/lib32/libdxva2.a" />
					<Add library="C:/Users/Lenovo/gcc/mingw/lib32/libeapp3hst.a" />
					<Add library="C:/Users/Lenovo/gcc/mingw/lib32/libeappcfg.a" />
					<Add library="C:/Users/Lenovo/gcc/mingw/lib32/libeappgnui.a" />
					<Add library="C:/Users/Lenovo/gcc/mingw/lib32/libeapphost.a" />
					<Add library="C:/Users/Lenovo/gcc/mingw/lib32/libeappprxy.a" />
					<Add library="C:/Users/Lenovo/gcc/mingw/lib32/libelscore.a" />
					<Add library="C:/Users/Lenovo/gcc/mingw/lib32/libesent.a" />
					<Add library="C:/Users/Lenovo/gcc/mingw/lib32/libevr.a" />
					<Add library="C:/Users/Lenovo/gcc/mingw/lib32/libfaultrep.a" />
					<Add library="C:/Users/Lenovo/gcc/mingw/lib32/libfwpuclnt.a" />
					<Add library="C:/Users/Lenovo/gcc/mingw/lib32/libgdi32.a" />
					<Add library="C:/Users/Lenovo/gcc/mingw/lib32/libgdiplus.a" />
					<Add library="C:/Users/Lenovo/gcc/mingw/lib32/libglaux.a" />
					<Add library="C:/Users/Lenovo/gcc/mingw/lib32/libglu32.a" />
					<Add library="C:/Users/Lenovo/gcc/mingw/lib32/libglut.a" />
					<Add library="C:/Users/Lenovo/gcc/mingw/lib32/libglut32.a" />
					<Add library="C:/Users/Lenovo/gcc/mingw/lib32/libgmon.a" />
					<Add library="C:/Users/Lenovo/gcc/mingw/lib32/libgpapi.a" />
					<Add library="C:/Users/Lenovo/gcc/mingw/lib32/libgpedit.a" />
					<Add library="C:/Users/Lenovo/gcc/mingw/lib32/libgpprefcl.a" />
					<Add library="C:/Users/Lenovo/gcc/mingw/lib32/libgpscript.a" />
					<Add library="C:/Users/Lenovo/gcc/mingw/lib32/libgptext.a" />
					<Add library="C:/Users/Lenovo/gcc/mingw/lib32/libhal.a" />
					<Add library="C:/Users/Lenovo/gcc/mingw/lib32/libhid.a" />
					<Add library="C:/Users/Lenovo/gcc/mingw/lib32/libhidclass.a" />
					<Add library="C:/Users/Lenovo/gcc/mingw/lib32/libhidparse.a" />
					<Add library="C:/Users/Lenovo/gcc/mingw/lib32/libhttpapi.a" />
					<Add library="C:/Users/Lenovo/gcc/mingw/lib32/libicmui.a" />
					<Add library="C:/Users/Lenovo/gcc/mingw/lib32/libigmpagnt.a" />
					<Add library="C:/Users/Lenovo/gcc/mingw/lib32/libimagehlp.a" />
					<Add library="C:/Users/Lenovo/gcc/mingw/lib32/libimm32.a" />
					<Add library="C:/Users/Lenovo/gcc/mingw/lib32/libiphlpapi.a" />
					<Add library="C:/Users/Lenovo/gcc/mingw/lib32/libiscsidsc.a" />
					<Add library="C:/Users/Lenovo/gcc/mingw/lib32/libkernel32.a" />
					<Add library="C:/Users/Lenovo/gcc/mingw/lib32/libks.a" />
					<Add library="C:/Users/Lenovo/gcc/mingw/lib32/libksguid.a" />
					<Add library="C:/Users/Lenovo/gcc/mingw/lib32/libksproxy.a" />
					<Add library="C:/Users/Lenovo/gcc/mingw/lib32/libksuser.a" />
					<Add library="C:/Users/Lenovo/gcc/mingw/lib32/libktmw32.a" />
					<Add library="C:/Users/Lenovo/gcc/mingw/lib32/liblargeint.a" />
					<Add library="C:/Users/Lenovo/gcc/mingw/lib32/liblogoncli.a" />
					<Add library="C:/Users/Lenovo/gcc/mingw/lib32/liblz32.a" />
					<Add library="C:/Users/Lenovo/gcc/mingw/lib32/libm.a" />
					<Add library="C:/Users/Lenovo/gcc/mingw/lib32/libmapi32.a" />
					<Add library="C:/Users/Lenovo/gcc/mingw/lib32/libmcd.a" />
					<Add library="C:/Users/Lenovo/gcc/mingw/lib32/libmf.a" />
					<Add library="C:/Users/Lenovo/gcc/mingw/lib32/libmfcuia32.a" />
					<Add library="C:/Users/Lenovo/gcc/mingw/lib32/libmfplat.a" />
					<Add library="C:/Users/Lenovo/gcc/mingw/lib32/libmfuuid.a" />
					<Add library="C:/Users/Lenovo/gcc/mingw/lib32/libmgmtapi.a" />
					<Add library="C:/Users/Lenovo/gcc/mingw/lib32/libmingw32.a" />
					<Add library="C:/Users/Lenovo/gcc/mingw/lib32/libmingwex.a" />
					<Add library="C:/Users/Lenovo/gcc/mingw/lib32/libmingwthrd.a" />
					<Add library="C:/Users/Lenovo/gcc/mingw/lib32/libmoldname.a" />
					<Add library="C:/Users/Lenovo/gcc/mingw/lib32/libmpr.a" />
					<Add library="C:/Users/Lenovo/gcc/mingw/lib32/libmprapi.a" />
					<Add library="C:/Users/Lenovo/gcc/mingw/lib32/libmqrt.a" />
					<Add library="C:/Users/Lenovo/gcc/mingw/lib32/libmsacm32.a" />
					<Add library="C:/Users/Lenovo/gcc/mingw/lib32/libmscms.a" />
					<Add library="C:/Users/Lenovo/gcc/mingw/lib32/libmsctf.a" />
					<Add library="C:/Users/Lenovo/gcc/mingw/lib32/libmsctfmonitor.a" />
					<Add library="C:/Users/Lenovo/gcc/mingw/lib32/libmsdmo.a" />
					<Add library="C:/Users/Lenovo/gcc/mingw/lib32/libmsdrm.a" />
					<Add library="C:/Users/Lenovo/gcc/mingw/lib32/libmshtml.a" />
					<Add library="C:/Users/Lenovo/gcc/mingw/lib32/libmshtmled.a" />
					<Add library="C:/Users/Lenovo/gcc/mingw/lib32/libmsi.a" />
					<Add library="C:/Users/Lenovo/gcc/mingw/lib32/libmsimg32.a" />
					<Add library="C:/Users/Lenovo/gcc/mingw/lib32/libmstask.a" />
					<Add library="C:/Users/Lenovo/gcc/mingw/lib32/libmsvcp60.a" />
					<Add library="C:/Users/Lenovo/gcc/mingw/lib32/libmsvcr80.a" />
					<Add library="C:/Users/Lenovo/gcc/mingw/lib32/libmsvcr90.a" />
					<Add library="C:/Users/Lenovo/gcc/mingw/lib32/libmsvcr90d.a" />
					<Add library="C:/Users/Lenovo/gcc/mingw/lib32/libmsvcr100.a" />
					<Add library="C:/Users/Lenovo/gcc/mingw/lib32/libmsvcr110.a" />
					<Add library="C:/Users/Lenovo/gcc/mingw/lib32/libmsvcrt.a" />
					<Add library="C:/Users/Lenovo/gcc/mingw/lib32/libmsvfw32.a" />
					<Add library="C:/Users/Lenovo/gcc/mingw/lib32/libmswsock.a" />
					<Add library="C:/Users/Lenovo/gcc/mingw/lib32/libncrypt.a" />
					<Add library="C:/Users/Lenovo/gcc/mingw/lib32/libnddeapi.a" />
					<Add library="C:/Users/Lenovo/gcc/mingw/lib32/libndfapi.a" />
					<Add library="C:/Users/Lenovo/gcc/mingw/lib32/libndis.a" />
					<Add library="C:/Users/Lenovo/gcc/mingw/lib32/libnetapi32.a" />
					<Add library="C:/Users/Lenovo/gcc/mingw/lib32/libnetjoin.a" />
					<Add library="C:/Users/Lenovo/gcc/mingw/lib32/libnetutils.a" />
					<Add library="C:/Users/Lenovo/gcc/mingw/lib32/libnewdev.a" />
					<Add library="C:/Users/Lenovo/gcc/mingw/lib32/libnormaliz.a" />
					<Add library="C:/Users/Lenovo/gcc/mingw/lib32/libntdll.a" />
					<Add library="C:/Users/Lenovo/gcc/mingw/lib32/libntdsapi.a" />
					<Add library="C:/Users/Lenovo/gcc/mingw/lib32/libntmsapi.a" />
					<Add library="C:/Users/Lenovo/gcc/mingw/lib32/libntoskrnl.a" />
					<Add library="C:/Users/Lenovo/gcc/mingw/lib32/libodbc32.a" />
					<Add library="C:/Users/Lenovo/gcc/mingw/lib32/libodbccp32.a" />
					<Add library="C:/Users/Lenovo/gcc/mingw/lib32/libole32.a" />
					<Add library="C:/Users/Lenovo/gcc/mingw/lib32/liboleacc.a" />
					<Add library="C:/Users/Lenovo/gcc/mingw/lib32/liboleaut32.a" />
					<Add library="C:/Users/Lenovo/gcc/mingw/lib32/libolecli32.a" />
					<Add library="C:/Users/Lenovo/gcc/mingw/lib32/liboledlg.a" />
					<Add library="C:/Users/Lenovo/gcc/mingw/lib32/libolepro32.a" />
					<Add library="C:/Users/Lenovo/gcc/mingw/lib32/libolesvr32.a" />
					<Add library="C:/Users/Lenovo/gcc/mingw/lib32/libolethk32.a" />
					<Add library="C:/Users/Lenovo/gcc/mingw/lib32/libopengl32.a" />
					<Add library="C:/Users/Lenovo/gcc/mingw/lib32/libp2p.a" />
					<Add library="C:/Users/Lenovo/gcc/mingw/lib32/libp2pcollab.a" />
					<Add library="C:/Users/Lenovo/gcc/mingw/lib32/libp2pgraph.a" />
					<Add library="C:/Users/Lenovo/gcc/mingw/lib32/libpcwum.a" />
					<Add library="C:/Users/Lenovo/gcc/mingw/lib32/libpdh.a" />
					<Add library="C:/Users/Lenovo/gcc/mingw/lib32/libpdhui.a" />
					<Add library="C:/Users/Lenovo/gcc/mingw/lib32/libpenwin32.a" />
					<Add library="C:/Users/Lenovo/gcc/mingw/lib32/libpkpd32.a" />
					<Add library="C:/Users/Lenovo/gcc/mingw/lib32/libportabledeviceguids.a" />
					<Add library="C:/Users/Lenovo/gcc/mingw/lib32/libpowrprof.a" />
					<Add library="C:/Users/Lenovo/gcc/mingw/lib32/libpsapi.a" />
					<Add library="C:/Users/Lenovo/gcc/mingw/lib32/libquartz.a" />
					<Add library="C:/Users/Lenovo/gcc/mingw/lib32/libqutil.a" />
					<Add library="C:/Users/Lenovo/gcc/mingw/lib32/libqwave.a" />
					<Add library="C:/Users/Lenovo/gcc/mingw/lib32/librapi.a" />
					<Add library="C:/Users/Lenovo/gcc/mingw/lib32/librasapi32.a" />
					<Add library="C:/Users/Lenovo/gcc/mingw/lib32/librasdlg.a" />
					<Add library="C:/Users/Lenovo/gcc/mingw/lib32/libresutil.a" />
					<Add library="C:/Users/Lenovo/gcc/mingw/lib32/librpcdce4.a" />
					<Add library="C:/Users/Lenovo/gcc/mingw/lib32/librpcdiag.a" />
					<Add library="C:/Users/Lenovo/gcc/mingw/lib32/librpchttp.a" />
					<Add library="C:/Users/Lenovo/gcc/mingw/lib32/librpcns4.a" />
					<Add library="C:/Users/Lenovo/gcc/mingw/lib32/librpcrt4.a" />
					<Add library="C:/Users/Lenovo/gcc/mingw/lib32/librstrmgr.a" />
					<Add library="C:/Users/Lenovo/gcc/mingw/lib32/librtm.a" />
					<Add library="C:/Users/Lenovo/gcc/mingw/lib32/librtutils.a" />
					<Add library="C:/Users/Lenovo/gcc/mingw/lib32/libruntimeobject.a" />
					<Add library="C:/Users/Lenovo/gcc/mingw/lib32/libsamcli.a" />
					<Add library="C:/Users/Lenovo/gcc/mingw/lib32/libschedcli.a" />
					<Add library="C:/Users/Lenovo/gcc/mingw/lib32/libscrnsave.a" />
					<Add library="C:/Users/Lenovo/gcc/mingw/lib32/libscrnsavw.a" />
					<Add library="C:/Users/Lenovo/gcc/mingw/lib32/libscsiport.a" />
					<Add library="C:/Users/Lenovo/gcc/mingw/lib32/libsecur32.a" />
					<Add library="C:/Users/Lenovo/gcc/mingw/lib32/libsensorsapi.a" />
					<Add library="C:/Users/Lenovo/gcc/mingw/lib32/libsetupapi.a" />
					<Add library="C:/Users/Lenovo/gcc/mingw/lib32/libshell32.a" />
					<Add library="C:/Users/Lenovo/gcc/mingw/lib32/libshfolder.a" />
					<Add library="C:/Users/Lenovo/gcc/mingw/lib32/libshlwapi.a" />
					<Add library="C:/Users/Lenovo/gcc/mingw/lib32/libslc.a" />
					<Add library="C:/Users/Lenovo/gcc/mingw/lib32/libslcext.a" />
					<Add library="C:/Users/Lenovo/gcc/mingw/lib32/libslwga.a" />
					<Add library="C:/Users/Lenovo/gcc/mingw/lib32/libsnmpapi.a" />
					<Add library="C:/Users/Lenovo/gcc/mingw/lib32/libspoolss.a" />
					<Add library="C:/Users/Lenovo/gcc/mingw/lib32/libsrvcli.a" />
					<Add library="C:/Users/Lenovo/gcc/mingw/lib32/libsspicli.a" />
					<Add library="C:/Users/Lenovo/gcc/mingw/lib32/libstrmiids.a" />
					<Add library="C:/Users/Lenovo/gcc/mingw/lib32/libsvrapi.a" />
					<Add library="C:/Users/Lenovo/gcc/mingw/lib32/libsxs.a" />
					<Add library="C:/Users/Lenovo/gcc/mingw/lib32/libt2embed.a" />
					<Add library="C:/Users/Lenovo/gcc/mingw/lib32/libtapi32.a" />
					<Add library="C:/Users/Lenovo/gcc/mingw/lib32/libtbs.a" />
					<Add library="C:/Users/Lenovo/gcc/mingw/lib32/libtdh.a" />
					<Add library="C:/Users/Lenovo/gcc/mingw/lib32/libtdi.a" />
					<Add library="C:/Users/Lenovo/gcc/mingw/lib32/libtxfw32.a" />
					<Add library="C:/Users/Lenovo/gcc/mingw/lib32/liburl.a" />
					<Add library="C:/Users/Lenovo/gcc/mingw/lib32/liburlmon.a" />
					<Add library="C:/Users/Lenovo/gcc/mingw/lib32/libusbcamd.a" />
					<Add library="C:/Users/Lenovo/gcc/mingw/lib32/libusbcamd2.a" />
					<Add library="C:/Users/Lenovo/gcc/mingw/lib32/libusbd.a" />
					<Add library="C:/Users/Lenovo/gcc/mingw/lib32/libusbport.a" />
					<Add library="C:/Users/Lenovo/gcc/mingw/lib32/libuser32.a" />
					<Add library="C:/Users/Lenovo/gcc/mingw/lib32/libuserenv.a" />
					<Add library="C:/Users/Lenovo/gcc/mingw/lib32/libusp10.a" />
					<Add library="C:/Users/Lenovo/gcc/mingw/lib32/libuuid.a" />
					<Add library="C:/Users/Lenovo/gcc/mingw/lib32/libuxtheme.a" />
					<Add library="C:/Users/Lenovo/gcc/mingw/lib32/libvdmdbg.a" />
					<Add library="C:/Users/Lenovo/gcc/mingw/lib32/libversion.a" />
					<Add library="C:/Users/Lenovo/gcc/mingw/lib32/libvfw32.a" />
					<Add library="C:/Users/Lenovo/gcc/mingw/lib32/libvideoprt.a" />
					<Add library="C:/Users/Lenovo/gcc/mingw/lib32/libvirtdisk.a" />
					<Add library="C:/Users/Lenovo/gcc/mingw/lib32/libvss_ps.a" />
					<Add library="C:/Users/Lenovo/gcc/mingw/lib32/libvssapi.a" />
					<Add library="C:/Users/Lenovo/gcc/mingw/lib32/libvsstrace.a" />
					<Add library="C:/Users/Lenovo/gcc/mingw/lib32/libwbemuuid.a" />
					<Add library="C:/Users/Lenovo/gcc/mingw/lib32/libwdsclient.a" />
					<Add library="C:/Users/Lenovo/gcc/mingw/lib32/libwdsclientapi.a" />
					<Add library="C:/Users/Lenovo/gcc/mingw/lib32/libwdscore.a" />
					<Add library="C:/Users/Lenovo/gcc/mingw/lib32/libwdscsl.a" />
					<Add library="C:/Users/Lenovo/gcc/mingw/lib32/libwdsimage.a" />
					<Add library="C:/Users/Lenovo/gcc/mingw/lib32/libwdstptc.a" />
					<Add library="C:/Users/Lenovo/gcc/mingw/lib32/libwdsupgcompl.a" />
					<Add library="C:/Users/Lenovo/gcc/mingw/lib32/libwdsutil.a" />
					<Add library="C:/Users/Lenovo/gcc/mingw/lib32/libwecapi.a" />
					<Add library="C:/Users/Lenovo/gcc/mingw/lib32/libwer.a" />
					<Add library="C:/Users/Lenovo/gcc/mingw/lib32/libwevtapi.a" />
					<Add library="C:/Users/Lenovo/gcc/mingw/lib32/libwevtfwd.a" />
					<Add library="C:/Users/Lenovo/gcc/mingw/lib32/libwin32k.a" />
					<Add library="C:/Users/Lenovo/gcc/mingw/lib32/libwin32spl.a" />
					<Add library="C:/Users/Lenovo/gcc/mingw/lib32/libwindowscodecs.a" />
					<Add library="C:/Users/Lenovo/gcc/mingw/lib32/libwinhttp.a" />
					<Add library="C:/Users/Lenovo/gcc/mingw/lib32/libwininet.a" />
					<Add library="C:/Users/Lenovo/gcc/mingw/lib32/libwinmm.a" />
					<Add library="C:/Users/Lenovo/gcc/mingw/lib32/libwinscard.a" />
					<Add library="C:/Users/Lenovo/gcc/mingw/lib32/libwinspool.a" />
					<Add library="C:/Users/Lenovo/gcc/mingw/lib32/libwinstrm.a" />
					<Add library="C:/Users/Lenovo/gcc/mingw/lib32/libwinusb.a" />
					<Add library="C:/Users/Lenovo/gcc/mingw/lib32/libwkscli.a" />
					<Add library="C:/Users/Lenovo/gcc/mingw/lib32/libwlanapi.a" />
					<Add library="C:/Users/Lenovo/gcc/mingw/lib32/libwlanui.a" />
					<Add library="C:/Users/Lenovo/gcc/mingw/lib32/libwlanutil.a" />
					<Add library="C:/Users/Lenovo/gcc/mingw/lib32/libwldap32.a" />
					<Add library="C:/Users/Lenovo/gcc/mingw/lib32/libwmcodecdspuuid.a" />
					<Add library="C:/Users/Lenovo/gcc/mingw/lib32/libwow32.a" />
					<Add library="C:/Users/Lenovo/gcc/mingw/lib32/libws2_32.a" />
					<Add library="C:/Users/Lenovo/gcc/mingw/lib32/libwsdapi.a" />
					<Add library="C:/Users/Lenovo/gcc/mingw/lib32/libwsnmp32.a" />
					<Add library="C:/Users/Lenovo/gcc/mingw/lib32/libwsock32.a" />
					<Add library="C:/Users/Lenovo/gcc/mingw/lib32/libwst.a" />
					<Add library="C:/Users/Lenovo/gcc/mingw/lib32/libwtsapi32.a" />
					<Add library="C:/Users/Lenovo/gcc/mingw/lib32/libx3daudio.a" />
					<Add library="C:/Users/Lenovo/gcc/mingw/lib32/libx3daudio1_2.a" />
					<Add library="C:/Users/Lenovo/gcc/mingw/lib32/libx3daudio1_3.a" />
					<Add library="C:/Users/Lenovo/gcc/mingw/lib32/libx3daudio1_4.a" />
					<Add library="C:/Users/Lenovo/gcc/mingw/lib32/libx3daudio1_5.a" />
					<Add library="C:/Users/Lenovo/gcc/mingw/lib32/libx3daudio1_6.a" />
					<Add library="C:/Users/Lenovo/gcc/mingw/lib32/libx3daudio1_7.a" />
					<Add library="C:/Users/Lenovo/gcc/mingw/lib32/libx3daudiod1_7.a" />
					<Add library="C:/Users/Lenovo/gcc/mingw/lib32/libxapofx.a" />
					<Add library="C:/Users/Lenovo/gcc/mingw/lib32/libxapofx1_0.a" />
					<Add library="C:/Users/Lenovo/gcc/mingw/lib32/libxapofx1_1.a" />
					<Add library="C:/Users/Lenovo/gcc/mingw/lib32/libxapofx1_2.a" />
					<Add library="C:/Users/Lenovo/gcc/mingw/lib32/libxapofx1_3.a" />
					<Add library="C:/Users/Lenovo/gcc/mingw/lib32/libxapofx1_4.a" />
					<Add library="C:/Users/Lenovo/gcc/mingw/lib32/libxapofx1_5.a" />
					<Add library="C:/Users/Lenovo/gcc/mingw/lib32/libxapofxd1_5.a" />
					<Add library="C:/Users/Lenovo/gcc/mingw/lib32/libxaudio2_8.a" />
					<Add library="C:/Users/Lenovo/gcc/mingw/lib32/libxinput.a" />
					<Add library="C:/Users/Lenovo/gcc/mingw/lib32/libxinput1_1.a" />
					<Add library="C:/Users/Lenovo/gcc/mingw/lib32/libxinput1_2.a" />
					<Add library="C:/Users/Lenovo/gcc/mingw/lib32/libxinput1_3.a" />
					<Add library="C:/Users/Lenovo/gcc/mingw/lib32/libxinput1_4.a" />
					<Add library="C:/Users/Lenovo/gcc/mingw/lib32/libxinput9_1_0.a" />
				</Linker>
			</Target>
		</Build>
		<Compiler>
			<Add option="-Wall" />
			<Add option="-fexceptions" />
		</Compiler>
		<Unit filename="HTDisplayDll.h">
			<Option target="Release" />
		</Unit>
		<Unit filename="HTMarch.dll">
			<Option target="Release" />
		</Unit>
		<Unit filename="HTMarch.h">
			<Option target="Release" />
		</Unit>
		<Unit filename="main.cpp" />
		<Extensions>
			<code_completion />
			<envvars />
			<debugger />
		</Extensions>
	</Project>
</CodeBlocks_project_file>
